
Microsoft Visual Studio Solution File, Format Version 12.00
# Visual Studio Version 17
VisualStudioVersion = 17.6.33829.357
MinimumVisualStudioVersion = 10.0.40219.1
Project("{9A19103F-16F7-4668-BE54-9A1E7A4F7556}") = "ShoppingListAPI", "ShoppingListAPI\ShoppingListAPI.csproj", "{618C66CD-3834-4B90-B17E-8CAC30DC3456}"
EndProject
Project("{9A19103F-16F7-4668-BE54-9A1E7A4F7556}") = "productTest", "productTest\productTest.csproj", "{A96F6958-E1D9-4FA2-AF29-17DDC4EF2301}"
EndProject
Project("{FAE04EC0-301F-11D3-BF4B-00C04F79EFBC}") = "ShoppingListAPI.Core", "ShoppingListAPI.core\ShoppingListAPI.Core.csproj", "{56287673-2110-4213-973C-668518833776}"
EndProject
Project("{FAE04EC0-301F-11D3-BF4B-00C04F79EFBC}") = "ShoppingListAPI.Data", "ShoppingListAPI.Data\ShoppingListAPI.Data.csproj", "{FA0CBB27-0B5B-4836-9B31-6F4212910BEF}"
EndProject
Project("{FAE04EC0-301F-11D3-BF4B-00C04F79EFBC}") = "ShoppingListAPI.Service", "ShoppingListAPI.Service\ShoppingListAPI.Service.csproj", "{1582241A-BB37-4FAC-8EE5-C35FABA2E739}"
EndProject
Global
	GlobalSection(SolutionConfigurationPlatforms) = preSolution
		Debug|Any CPU = Debug|Any CPU
		Release|Any CPU = Release|Any CPU
	EndGlobalSection
	GlobalSection(ProjectConfigurationPlatforms) = postSolution
		{618C66CD-3834-4B90-B17E-8CAC30DC3456}.Debug|Any CPU.ActiveCfg = Debug|Any CPU
		{618C66CD-3834-4B90-B17E-8CAC30DC3456}.Debug|Any CPU.Build.0 = Debug|Any CPU
		{618C66CD-3834-4B90-B17E-8CAC30DC3456}.Release|Any CPU.ActiveCfg = Release|Any CPU
		{618C66CD-3834-4B90-B17E-8CAC30DC3456}.Release|Any CPU.Build.0 = Release|Any CPU
		{A96F6958-E1D9-4FA2-AF29-17DDC4EF2301}.Debug|Any CPU.ActiveCfg = Debug|Any CPU
		{A96F6958-E1D9-4FA2-AF29-17DDC4EF2301}.Debug|Any CPU.Build.0 = Debug|Any CPU
		{A96F6958-E1D9-4FA2-AF29-17DDC4EF2301}.Release|Any CPU.ActiveCfg = Release|Any CPU
		{A96F6958-E1D9-4FA2-AF29-17DDC4EF2301}.Release|Any CPU.Build.0 = Release|Any CPU
		{56287673-2110-4213-973C-668518833776}.Debug|Any CPU.ActiveCfg = Debug|Any CPU
		{56287673-2110-4213-973C-668518833776}.Debug|Any CPU.Build.0 = Debug|Any CPU
		{56287673-2110-4213-973C-668518833776}.Release|Any CPU.ActiveCfg = Release|Any CPU
		{56287673-2110-4213-973C-668518833776}.Release|Any CPU.Build.0 = Release|Any CPU
		{FA0CBB27-0B5B-4836-9B31-6F4212910BEF}.Debug|Any CPU.ActiveCfg = Debug|Any CPU
		{FA0CBB27-0B5B-4836-9B31-6F4212910BEF}.Debug|Any CPU.Build.0 = Debug|Any CPU
		{FA0CBB27-0B5B-4836-9B31-6F4212910BEF}.Release|Any CPU.ActiveCfg = Release|Any CPU
		{FA0CBB27-0B5B-4836-9B31-6F4212910BEF}.Release|Any CPU.Build.0 = Release|Any CPU
		{1582241A-BB37-4FAC-8EE5-C35FABA2E739}.Debug|Any CPU.ActiveCfg = Debug|Any CPU
		{1582241A-BB37-4FAC-8EE5-C35FABA2E739}.Debug|Any CPU.Build.0 = Debug|Any CPU
		{1582241A-BB37-4FAC-8EE5-C35FABA2E739}.Release|Any CPU.ActiveCfg = Release|Any CPU
		{1582241A-BB37-4FAC-8EE5-C35FABA2E739}.Release|Any CPU.Build.0 = Release|Any CPU
	EndGlobalSection
	GlobalSection(SolutionProperties) = preSolution
		HideSolutionNode = FALSE
	EndGlobalSection
	GlobalSection(ExtensibilityGlobals) = postSolution
		SolutionGuid = {7243F7E5-2A54-40B0-81C5-4C4768E64B25}
	EndGlobalSection
EndGlobal
